
Microsoft Visual Studio Solution File, Format Version 12.00
# Visual Studio Version 17
VisualStudioVersion = 17.13.35806.99 d17.13
MinimumVisualStudioVersion = 10.0.40219.1
Project("{FAE04EC0-301F-11D3-BF4B-00C04F79EFBC}") = "OneMicroservice.API", "OneMicroservice.API\OneMicroservice.API.csproj", "{9C67DDD9-6FDF-4A94-BCCC-57325FB16586}"
EndProject
Project("{FAE04EC0-301F-11D3-BF4B-00C04F79EFBC}") = "TwoMicroservices.API", "TwoMicroservices.API\TwoMicroservices.API.csproj", "{0692216B-AECE-452C-8731-9965305DA730}"
EndProject
Project("{FAE04EC0-301F-11D3-BF4B-00C04F79EFBC}") = "BussShared", "BussShared\BussShared.csproj", "{6F244CB3-F004-4820-A6FE-313C3F7B3311}"
EndProject
Global
	GlobalSection(SolutionConfigurationPlatforms) = preSolution
		Debug|Any CPU = Debug|Any CPU
		Release|Any CPU = Release|Any CPU
	EndGlobalSection
	GlobalSection(ProjectConfigurationPlatforms) = postSolution
		{9C67DDD9-6FDF-4A94-BCCC-57325FB16586}.Debug|Any CPU.ActiveCfg = Debug|Any CPU
		{9C67DDD9-6FDF-4A94-BCCC-57325FB16586}.Debug|Any CPU.Build.0 = Debug|Any CPU
		{9C67DDD9-6FDF-4A94-BCCC-57325FB16586}.Release|Any CPU.ActiveCfg = Release|Any CPU
		{9C67DDD9-6FDF-4A94-BCCC-57325FB16586}.Release|Any CPU.Build.0 = Release|Any CPU
		{0692216B-AECE-452C-8731-9965305DA730}.Debug|Any CPU.ActiveCfg = Debug|Any CPU
		{0692216B-AECE-452C-8731-9965305DA730}.Debug|Any CPU.Build.0 = Debug|Any CPU
		{0692216B-AECE-452C-8731-9965305DA730}.Release|Any CPU.ActiveCfg = Release|Any CPU
		{0692216B-AECE-452C-8731-9965305DA730}.Release|Any CPU.Build.0 = Release|Any CPU
		{6F244CB3-F004-4820-A6FE-313C3F7B3311}.Debug|Any CPU.ActiveCfg = Debug|Any CPU
		{6F244CB3-F004-4820-A6FE-313C3F7B3311}.Debug|Any CPU.Build.0 = Debug|Any CPU
		{6F244CB3-F004-4820-A6FE-313C3F7B3311}.Release|Any CPU.ActiveCfg = Release|Any CPU
		{6F244CB3-F004-4820-A6FE-313C3F7B3311}.Release|Any CPU.Build.0 = Release|Any CPU
	EndGlobalSection
	GlobalSection(SolutionProperties) = preSolution
		HideSolutionNode = FALSE
	EndGlobalSection
	GlobalSection(ExtensibilityGlobals) = postSolution
		SolutionGuid = {D3548372-B2AC-4621-A856-34274BB5FDFD}
	EndGlobalSection
EndGlobal
